
Microsoft Visual Studio Solution File, Format Version 12.00
# Visual Studio Version 17
VisualStudioVersion = 17.0.31423.177
MinimumVisualStudioVersion = 10.0.40219.1
Project("{9A19103F-16F7-4668-BE54-9A1E7A4F7556}") = "LearnIntermediateLanguage", "LearnIntermediateLanguage\LearnIntermediateLanguage.csproj", "{AC950505-CEFE-4CFC-B6E4-2B737BCDD984}"
EndProject
Project("{2150E333-8FDC-42A3-9474-1A3956D46DE8}") = "Analyzers", "Analyzers", "{2BC76B9E-E47C-407E-A5FA-D6490FAF1ADA}"
EndProject
Project("{2150E333-8FDC-42A3-9474-1A3956D46DE8}") = "SelfAssignment", "SelfAssignment", "{6C3BE739-88C9-42AB-ABED-04D004CA44C3}"
EndProject
Project("{9A19103F-16F7-4668-BE54-9A1E7A4F7556}") = "SelfAssignmentAnalyzer", "Analyzers\SelfAssignment\SelfAssignmentAnalyzer\SelfAssignmentAnalyzer\SelfAssignmentAnalyzer.csproj", "{B74042E2-1ED0-4E54-A1D4-C2EB7F4B6A15}"
EndProject
Project("{6EC3EE1D-3C4E-46DD-8F32-0CC8E7565705}") = "SelfAssignmentAnalyzerFSharp", "Analyzers\SelfAssignment\SelfAssignmentAnalyzerFSharp\SelfAssignmentAnalyzerFSharp.fsproj", "{C5C59DBE-7790-48E8-95F0-5B9CCCB59285}"
EndProject
Project("{FAE04EC0-301F-11D3-BF4B-00C04F79EFBC}") = "SelfAssignmentAnalyzer.Vsix", "Analyzers\SelfAssignment\SelfAssignmentAnalyzer\SelfAssignmentAnalyzer.Vsix\SelfAssignmentAnalyzer.Vsix.csproj", "{7C85309C-20EA-489B-AC82-A825022B6E08}"
EndProject
Project("{2150E333-8FDC-42A3-9474-1A3956D46DE8}") = "ByteArrayToArrayPool", "ByteArrayToArrayPool", "{E6922D81-74C7-4E7C-A829-4D932AF1AE7E}"
EndProject
Project("{9A19103F-16F7-4668-BE54-9A1E7A4F7556}") = "ByteArrayToArrayPoolAnalyzer", "Analyzers\ByteArrayToArrayPool\ByteArrayToArrayPoolAnalyzer\ByteArrayToArrayPoolAnalyzer.csproj", "{50369939-93E3-467B-8B0D-033731D453E1}"
EndProject
Project("{FAE04EC0-301F-11D3-BF4B-00C04F79EFBC}") = "ByteArrayToArrayPoolAnalyzer.Vsix", "Analyzers\ByteArrayToArrayPool\ByteArrayToArrayPoolAnalyzer.Vsix\ByteArrayToArrayPoolAnalyzer.Vsix.csproj", "{4F73EDF5-FB15-4A8F-B9C5-FEBC8D3B3A1F}"
EndProject
Project("{9A19103F-16F7-4668-BE54-9A1E7A4F7556}") = "LeanIntrinsics", "LeanIntrinsics\LeanIntrinsics.csproj", "{7C7C7ECC-E871-48E4-9F70-C8D366015DB7}"
EndProject
Project("{9A19103F-16F7-4668-BE54-9A1E7A4F7556}") = "ExtensionsAndStuff", "ExtensionsAndStuff\ExtensionsAndStuff.csproj", "{A792C706-6B49-4C13-9505-887BC7138AC4}"
EndProject
Project("{9A19103F-16F7-4668-BE54-9A1E7A4F7556}") = "Benchmarks", "Benchmarks\Benchmarks.csproj", "{905B3684-9994-437F-B115-266ABF97D5D0}"
EndProject
Project("{9A19103F-16F7-4668-BE54-9A1E7A4F7556}") = "ExtensionsAndStuff.Unsafe", "ExtensionsAndStuff.Unsafe\ExtensionsAndStuff.Unsafe.csproj", "{D8DFDF9D-A346-4E66-BBD0-CE08CD709A71}"
EndProject
Project("{9A19103F-16F7-4668-BE54-9A1E7A4F7556}") = "En3Tho.HelperClasses", "En3Tho.HelperClasses\En3Tho.HelperClasses.csproj", "{2953F701-7906-4C62-B84F-411A564A4F1A}"
EndProject
Project("{2150E333-8FDC-42A3-9474-1A3956D46DE8}") = "Inlining", "Inlining", "{5BD27D3E-4FD9-4C9C-B156-B134C6AE70C2}"
EndProject
Project("{9A19103F-16F7-4668-BE54-9A1E7A4F7556}") = "InliningAnalyzer", "Analyzers\InliningAnalyzer\InliningAnalyzer.csproj", "{8B3C513A-C0CC-47E4-B3D1-FD0398A5D7CD}"
EndProject
Project("{9A19103F-16F7-4668-BE54-9A1E7A4F7556}") = "En3Tho.ILEqualityComparer", "En3Tho.ILEqualityComparer\En3Tho.ILEqualityComparer.csproj", "{F47C7D42-41D3-45C7-95B9-EFFFCC126C68}"
EndProject
Project("{9A19103F-16F7-4668-BE54-9A1E7A4F7556}") = "En3Tho.ILHelpers", "En3Tho.ILHelpers\En3Tho.ILHelpers.csproj", "{4B4CE411-C0D8-4314-861E-3E2992B4AB70}"
EndProject
Project("{6EC3EE1D-3C4E-46DD-8F32-0CC8E7565705}") = "En3Tho.ILEqualityComparer.Tests", "En3Tho.ILEqualityComparer.Tests\En3Tho.ILEqualityComparer.Tests.fsproj", "{18B03B7B-2123-45CA-A5C0-1E0C54EF84E6}"
EndProject
Project("{9A19103F-16F7-4668-BE54-9A1E7A4F7556}") = "En3Tho.PlayGround", "En3Tho.PlayGround\En3Tho.PlayGround.csproj", "{E0D2982C-320A-4489-9F7E-CBABED50D8D0}"
EndProject
Project("{6EC3EE1D-3C4E-46DD-8F32-0CC8E7565705}") = "Benchmarks.FSharp", "Benchmarks.FSharp\Benchmarks.FSharp.fsproj", "{6A700218-E2AC-4121-BD10-5F5C13787AE3}"
EndProject
Project("{6EC3EE1D-3C4E-46DD-8F32-0CC8E7565705}") = "Benchmarks.FSharp.Lib", "Benchmarks.FSharp.Lib\Benchmarks.FSharp.Lib.fsproj", "{51310EB6-6728-4AA1-8B46-2A127B9CD081}"
EndProject
Project("{6EC3EE1D-3C4E-46DD-8F32-0CC8E7565705}") = "Gists.FSharp", "Gists.FSharp\Gists.FSharp.fsproj", "{A01D2580-D199-4CE5-B0AF-A007BC16AC3A}"
EndProject
Project("{2150E333-8FDC-42A3-9474-1A3956D46DE8}") = "SourceGenerators", "SourceGenerators", "{F97F7FD0-88D0-438D-A179-406A778A2A29}"
EndProject
Project("{9A19103F-16F7-4668-BE54-9A1E7A4F7556}") = "AutoDecoratorGenerator", "AutoDecoratorGenerator\AutoDecoratorGenerator.csproj", "{9F4C54DE-0CA4-4BDE-AD90-336319460E1C}"
EndProject
Project("{9A19103F-16F7-4668-BE54-9A1E7A4F7556}") = "AutoDecoratorGenerator.Tests", "AutoDecoratorGenerator.Tests\AutoDecoratorGenerator.Tests.csproj", "{EA7A4D2A-2B38-4089-8F9D-39136C598135}"
EndProject
Project("{6EC3EE1D-3C4E-46DD-8F32-0CC8E7565705}") = "AutoDecoratorGeneratorFSharp", "AutoDecoratorGeneratorFSharp\AutoDecoratorGeneratorFSharp.fsproj", "{59C39272-429D-4A53-B377-DAF18DD9AD19}"
EndProject
Project("{2150E333-8FDC-42A3-9474-1A3956D46DE8}") = "FSharpDiscriminatedUnion", "FSharpDiscriminatedUnion", "{30755036-B824-417F-BABB-6C74184C7128}"
EndProject
Project("{6EC3EE1D-3C4E-46DD-8F32-0CC8E7565705}") = "FSharpDiscriminatedUnionAnalyzer", "FSharpDiscriminatedUnionAnalyzer\FSharpDiscriminatedUnionAnalyzer.fsproj", "{40795813-34C2-4CBE-BFF4-2D2521E68E2D}"
EndProject
Project("{6EC3EE1D-3C4E-46DD-8F32-0CC8E7565705}") = "FSharpDiscriminatedUnion.Test.FSharp", "FSharpDiscriminatedUnion.Test.FSharp\FSharpDiscriminatedUnion.Test.FSharp.fsproj", "{85AFCB9C-DFE0-4CBC-84A9-21F26F491C25}"
EndProject
Project("{9A19103F-16F7-4668-BE54-9A1E7A4F7556}") = "FSharpDiscriminatedUnion.Test.CSharp", "FSharpDiscriminatedUnion.Test.CSharp\FSharpDiscriminatedUnion.Test.CSharp.csproj", "{D09527D3-EBB8-4FBE-B746-AA628404B39C}"
EndProject
Project("{6EC3EE1D-3C4E-46DD-8F32-0CC8E7565705}") = "En3Tho.FSharp.Validation.Examples", "En3Tho.FSharp.Validation.Examples\En3Tho.FSharp.Validation.Examples.fsproj", "{9CD7C876-BB54-4C06-BED7-D1775BDA7A8E}"
EndProject
Project("{6EC3EE1D-3C4E-46DD-8F32-0CC8E7565705}") = "RestaurantApp", "RestaurantApp\RestaurantApp.fsproj", "{3D794054-C38B-40DD-8934-DD060808A5D8}"
EndProject
Project("{6EC3EE1D-3C4E-46DD-8F32-0CC8E7565705}") = "En3Tho.FSharp.GSeq", "En3Tho.FSharp.GSeq\En3Tho.FSharp.GSeq.fsproj", "{D81EBD8B-B752-47BC-B13B-8FDDA30B7C22}"
EndProject
Project("{6EC3EE1D-3C4E-46DD-8F32-0CC8E7565705}") = "MinimalApisWithPipelines", "MinimalApisWithPipelines\MinimalApisWithPipelines.fsproj", "{FEB27AD0-6DED-42F5-B3EE-43F59EEAE92A}"
EndProject
Project("{6EC3EE1D-3C4E-46DD-8F32-0CC8E7565705}") = "TGOrganizer", "TGOrganizer\TGOrganizer.fsproj", "{4FFBA1C8-4F42-4584-B5F4-FE710A6E33A8}"
EndProject
Project("{2150E333-8FDC-42A3-9474-1A3956D46DE8}") = "SolutionItems", "SolutionItems", "{B2F97B17-634A-4A62-A9CB-310849FEC995}"
	ProjectSection(SolutionItems) = preProject
		global.json = global.json
	EndProjectSection
EndProject
Project("{9A19103F-16F7-4668-BE54-9A1E7A4F7556}") = "Benchmarks.CSharp.Lib", "Benchmarks.CSharp.Lib\Benchmarks.CSharp.Lib.csproj", "{362EF46F-FE8B-4D0F-97F6-AC854F98B7DB}"
EndProject
Project("{6EC3EE1D-3C4E-46DD-8F32-0CC8E7565705}") = "TGOrganizer.Host", "TGOrganizer.Host\TGOrganizer.Host.fsproj", "{7CFEECB7-09E4-4BC3-A696-2CAA3B36F0AF}"
EndProject
Project("{FAE04EC0-301F-11D3-BF4B-00C04F79EFBC}") = "TGOrganizer.Resources", "TGOrganizer.Resources\TGOrganizer.Resources.csproj", "{2847B366-62BA-4E16-892F-69B32E0545F9}"
EndProject
Project("{2150E333-8FDC-42A3-9474-1A3956D46DE8}") = "AutoDecoratorGenerator", "AutoDecoratorGenerator", "{4BF31BC5-4B57-459E-90B8-341B4F768B5B}"
EndProject
Global
	GlobalSection(SolutionConfigurationPlatforms) = preSolution
		Debug|Any CPU = Debug|Any CPU
		Release|Any CPU = Release|Any CPU
	EndGlobalSection
	GlobalSection(ProjectConfigurationPlatforms) = postSolution
		{AC950505-CEFE-4CFC-B6E4-2B737BCDD984}.Debug|Any CPU.ActiveCfg = Debug|Any CPU
		{AC950505-CEFE-4CFC-B6E4-2B737BCDD984}.Debug|Any CPU.Build.0 = Debug|Any CPU
		{AC950505-CEFE-4CFC-B6E4-2B737BCDD984}.Release|Any CPU.ActiveCfg = Release|Any CPU
		{AC950505-CEFE-4CFC-B6E4-2B737BCDD984}.Release|Any CPU.Build.0 = Release|Any CPU
		{B74042E2-1ED0-4E54-A1D4-C2EB7F4B6A15}.Debug|Any CPU.ActiveCfg = Debug|Any CPU
		{B74042E2-1ED0-4E54-A1D4-C2EB7F4B6A15}.Debug|Any CPU.Build.0 = Debug|Any CPU
		{B74042E2-1ED0-4E54-A1D4-C2EB7F4B6A15}.Release|Any CPU.ActiveCfg = Release|Any CPU
		{B74042E2-1ED0-4E54-A1D4-C2EB7F4B6A15}.Release|Any CPU.Build.0 = Release|Any CPU
		{C5C59DBE-7790-48E8-95F0-5B9CCCB59285}.Debug|Any CPU.ActiveCfg = Debug|Any CPU
		{C5C59DBE-7790-48E8-95F0-5B9CCCB59285}.Debug|Any CPU.Build.0 = Debug|Any CPU
		{C5C59DBE-7790-48E8-95F0-5B9CCCB59285}.Release|Any CPU.ActiveCfg = Release|Any CPU
		{C5C59DBE-7790-48E8-95F0-5B9CCCB59285}.Release|Any CPU.Build.0 = Release|Any CPU
		{7C85309C-20EA-489B-AC82-A825022B6E08}.Debug|Any CPU.ActiveCfg = Debug|Any CPU
		{7C85309C-20EA-489B-AC82-A825022B6E08}.Debug|Any CPU.Build.0 = Debug|Any CPU
		{7C85309C-20EA-489B-AC82-A825022B6E08}.Release|Any CPU.ActiveCfg = Release|Any CPU
		{7C85309C-20EA-489B-AC82-A825022B6E08}.Release|Any CPU.Build.0 = Release|Any CPU
		{50369939-93E3-467B-8B0D-033731D453E1}.Debug|Any CPU.ActiveCfg = Debug|Any CPU
		{50369939-93E3-467B-8B0D-033731D453E1}.Debug|Any CPU.Build.0 = Debug|Any CPU
		{50369939-93E3-467B-8B0D-033731D453E1}.Release|Any CPU.ActiveCfg = Release|Any CPU
		{50369939-93E3-467B-8B0D-033731D453E1}.Release|Any CPU.Build.0 = Release|Any CPU
		{4F73EDF5-FB15-4A8F-B9C5-FEBC8D3B3A1F}.Debug|Any CPU.ActiveCfg = Debug|Any CPU
		{4F73EDF5-FB15-4A8F-B9C5-FEBC8D3B3A1F}.Debug|Any CPU.Build.0 = Debug|Any CPU
		{4F73EDF5-FB15-4A8F-B9C5-FEBC8D3B3A1F}.Release|Any CPU.ActiveCfg = Release|Any CPU
		{4F73EDF5-FB15-4A8F-B9C5-FEBC8D3B3A1F}.Release|Any CPU.Build.0 = Release|Any CPU
		{7C7C7ECC-E871-48E4-9F70-C8D366015DB7}.Debug|Any CPU.ActiveCfg = Debug|Any CPU
		{7C7C7ECC-E871-48E4-9F70-C8D366015DB7}.Debug|Any CPU.Build.0 = Debug|Any CPU
		{7C7C7ECC-E871-48E4-9F70-C8D366015DB7}.Release|Any CPU.ActiveCfg = Release|Any CPU
		{7C7C7ECC-E871-48E4-9F70-C8D366015DB7}.Release|Any CPU.Build.0 = Release|Any CPU
		{A792C706-6B49-4C13-9505-887BC7138AC4}.Debug|Any CPU.ActiveCfg = Debug|Any CPU
		{A792C706-6B49-4C13-9505-887BC7138AC4}.Debug|Any CPU.Build.0 = Debug|Any CPU
		{A792C706-6B49-4C13-9505-887BC7138AC4}.Release|Any CPU.ActiveCfg = Release|Any CPU
		{A792C706-6B49-4C13-9505-887BC7138AC4}.Release|Any CPU.Build.0 = Release|Any CPU
		{905B3684-9994-437F-B115-266ABF97D5D0}.Debug|Any CPU.ActiveCfg = Debug|Any CPU
		{905B3684-9994-437F-B115-266ABF97D5D0}.Debug|Any CPU.Build.0 = Debug|Any CPU
		{905B3684-9994-437F-B115-266ABF97D5D0}.Release|Any CPU.ActiveCfg = Release|Any CPU
		{905B3684-9994-437F-B115-266ABF97D5D0}.Release|Any CPU.Build.0 = Release|Any CPU
		{D8DFDF9D-A346-4E66-BBD0-CE08CD709A71}.Debug|Any CPU.ActiveCfg = Debug|Any CPU
		{D8DFDF9D-A346-4E66-BBD0-CE08CD709A71}.Debug|Any CPU.Build.0 = Debug|Any CPU
		{D8DFDF9D-A346-4E66-BBD0-CE08CD709A71}.Release|Any CPU.ActiveCfg = Release|Any CPU
		{D8DFDF9D-A346-4E66-BBD0-CE08CD709A71}.Release|Any CPU.Build.0 = Release|Any CPU
		{2953F701-7906-4C62-B84F-411A564A4F1A}.Debug|Any CPU.ActiveCfg = Debug|Any CPU
		{2953F701-7906-4C62-B84F-411A564A4F1A}.Debug|Any CPU.Build.0 = Debug|Any CPU
		{2953F701-7906-4C62-B84F-411A564A4F1A}.Release|Any CPU.ActiveCfg = Release|Any CPU
		{2953F701-7906-4C62-B84F-411A564A4F1A}.Release|Any CPU.Build.0 = Release|Any CPU
		{8B3C513A-C0CC-47E4-B3D1-FD0398A5D7CD}.Debug|Any CPU.ActiveCfg = Debug|Any CPU
		{8B3C513A-C0CC-47E4-B3D1-FD0398A5D7CD}.Debug|Any CPU.Build.0 = Debug|Any CPU
		{8B3C513A-C0CC-47E4-B3D1-FD0398A5D7CD}.Release|Any CPU.ActiveCfg = Release|Any CPU
		{8B3C513A-C0CC-47E4-B3D1-FD0398A5D7CD}.Release|Any CPU.Build.0 = Release|Any CPU
		{F47C7D42-41D3-45C7-95B9-EFFFCC126C68}.Debug|Any CPU.ActiveCfg = Debug|Any CPU
		{F47C7D42-41D3-45C7-95B9-EFFFCC126C68}.Debug|Any CPU.Build.0 = Debug|Any CPU
		{F47C7D42-41D3-45C7-95B9-EFFFCC126C68}.Release|Any CPU.ActiveCfg = Release|Any CPU
		{F47C7D42-41D3-45C7-95B9-EFFFCC126C68}.Release|Any CPU.Build.0 = Release|Any CPU
		{4B4CE411-C0D8-4314-861E-3E2992B4AB70}.Debug|Any CPU.ActiveCfg = Debug|Any CPU
		{4B4CE411-C0D8-4314-861E-3E2992B4AB70}.Debug|Any CPU.Build.0 = Debug|Any CPU
		{4B4CE411-C0D8-4314-861E-3E2992B4AB70}.Release|Any CPU.ActiveCfg = Release|Any CPU
		{4B4CE411-C0D8-4314-861E-3E2992B4AB70}.Release|Any CPU.Build.0 = Release|Any CPU
		{18B03B7B-2123-45CA-A5C0-1E0C54EF84E6}.Debug|Any CPU.ActiveCfg = Debug|Any CPU
		{18B03B7B-2123-45CA-A5C0-1E0C54EF84E6}.Debug|Any CPU.Build.0 = Debug|Any CPU
		{18B03B7B-2123-45CA-A5C0-1E0C54EF84E6}.Release|Any CPU.ActiveCfg = Release|Any CPU
		{18B03B7B-2123-45CA-A5C0-1E0C54EF84E6}.Release|Any CPU.Build.0 = Release|Any CPU
		{E0D2982C-320A-4489-9F7E-CBABED50D8D0}.Debug|Any CPU.ActiveCfg = Debug|Any CPU
		{E0D2982C-320A-4489-9F7E-CBABED50D8D0}.Debug|Any CPU.Build.0 = Debug|Any CPU
		{E0D2982C-320A-4489-9F7E-CBABED50D8D0}.Release|Any CPU.ActiveCfg = Release|Any CPU
		{E0D2982C-320A-4489-9F7E-CBABED50D8D0}.Release|Any CPU.Build.0 = Release|Any CPU
		{6A700218-E2AC-4121-BD10-5F5C13787AE3}.Debug|Any CPU.ActiveCfg = Debug|Any CPU
		{6A700218-E2AC-4121-BD10-5F5C13787AE3}.Debug|Any CPU.Build.0 = Debug|Any CPU
		{6A700218-E2AC-4121-BD10-5F5C13787AE3}.Release|Any CPU.ActiveCfg = Release|Any CPU
		{6A700218-E2AC-4121-BD10-5F5C13787AE3}.Release|Any CPU.Build.0 = Release|Any CPU
		{51310EB6-6728-4AA1-8B46-2A127B9CD081}.Debug|Any CPU.ActiveCfg = Debug|Any CPU
		{51310EB6-6728-4AA1-8B46-2A127B9CD081}.Debug|Any CPU.Build.0 = Debug|Any CPU
		{51310EB6-6728-4AA1-8B46-2A127B9CD081}.Release|Any CPU.ActiveCfg = Release|Any CPU
		{51310EB6-6728-4AA1-8B46-2A127B9CD081}.Release|Any CPU.Build.0 = Release|Any CPU
		{A01D2580-D199-4CE5-B0AF-A007BC16AC3A}.Debug|Any CPU.ActiveCfg = Debug|Any CPU
		{A01D2580-D199-4CE5-B0AF-A007BC16AC3A}.Debug|Any CPU.Build.0 = Debug|Any CPU
		{A01D2580-D199-4CE5-B0AF-A007BC16AC3A}.Release|Any CPU.ActiveCfg = Release|Any CPU
		{A01D2580-D199-4CE5-B0AF-A007BC16AC3A}.Release|Any CPU.Build.0 = Release|Any CPU
		{9F4C54DE-0CA4-4BDE-AD90-336319460E1C}.Debug|Any CPU.ActiveCfg = Debug|Any CPU
		{9F4C54DE-0CA4-4BDE-AD90-336319460E1C}.Debug|Any CPU.Build.0 = Debug|Any CPU
		{9F4C54DE-0CA4-4BDE-AD90-336319460E1C}.Release|Any CPU.ActiveCfg = Release|Any CPU
		{9F4C54DE-0CA4-4BDE-AD90-336319460E1C}.Release|Any CPU.Build.0 = Release|Any CPU
		{EA7A4D2A-2B38-4089-8F9D-39136C598135}.Debug|Any CPU.ActiveCfg = Debug|Any CPU
		{EA7A4D2A-2B38-4089-8F9D-39136C598135}.Debug|Any CPU.Build.0 = Debug|Any CPU
		{EA7A4D2A-2B38-4089-8F9D-39136C598135}.Release|Any CPU.ActiveCfg = Release|Any CPU
		{EA7A4D2A-2B38-4089-8F9D-39136C598135}.Release|Any CPU.Build.0 = Release|Any CPU
		{59C39272-429D-4A53-B377-DAF18DD9AD19}.Debug|Any CPU.ActiveCfg = Debug|Any CPU
		{59C39272-429D-4A53-B377-DAF18DD9AD19}.Debug|Any CPU.Build.0 = Debug|Any CPU
		{59C39272-429D-4A53-B377-DAF18DD9AD19}.Release|Any CPU.ActiveCfg = Release|Any CPU
		{59C39272-429D-4A53-B377-DAF18DD9AD19}.Release|Any CPU.Build.0 = Release|Any CPU
		{40795813-34C2-4CBE-BFF4-2D2521E68E2D}.Debug|Any CPU.ActiveCfg = Debug|Any CPU
		{40795813-34C2-4CBE-BFF4-2D2521E68E2D}.Debug|Any CPU.Build.0 = Debug|Any CPU
		{40795813-34C2-4CBE-BFF4-2D2521E68E2D}.Release|Any CPU.ActiveCfg = Release|Any CPU
		{40795813-34C2-4CBE-BFF4-2D2521E68E2D}.Release|Any CPU.Build.0 = Release|Any CPU
		{85AFCB9C-DFE0-4CBC-84A9-21F26F491C25}.Debug|Any CPU.ActiveCfg = Debug|Any CPU
		{85AFCB9C-DFE0-4CBC-84A9-21F26F491C25}.Debug|Any CPU.Build.0 = Debug|Any CPU
		{85AFCB9C-DFE0-4CBC-84A9-21F26F491C25}.Release|Any CPU.ActiveCfg = Release|Any CPU
		{85AFCB9C-DFE0-4CBC-84A9-21F26F491C25}.Release|Any CPU.Build.0 = Release|Any CPU
		{D09527D3-EBB8-4FBE-B746-AA628404B39C}.Debug|Any CPU.ActiveCfg = Debug|Any CPU
		{D09527D3-EBB8-4FBE-B746-AA628404B39C}.Debug|Any CPU.Build.0 = Debug|Any CPU
		{D09527D3-EBB8-4FBE-B746-AA628404B39C}.Release|Any CPU.ActiveCfg = Release|Any CPU
		{D09527D3-EBB8-4FBE-B746-AA628404B39C}.Release|Any CPU.Build.0 = Release|Any CPU
		{9CD7C876-BB54-4C06-BED7-D1775BDA7A8E}.Debug|Any CPU.ActiveCfg = Debug|Any CPU
		{9CD7C876-BB54-4C06-BED7-D1775BDA7A8E}.Debug|Any CPU.Build.0 = Debug|Any CPU
		{9CD7C876-BB54-4C06-BED7-D1775BDA7A8E}.Release|Any CPU.ActiveCfg = Release|Any CPU
		{9CD7C876-BB54-4C06-BED7-D1775BDA7A8E}.Release|Any CPU.Build.0 = Release|Any CPU
		{3D794054-C38B-40DD-8934-DD060808A5D8}.Debug|Any CPU.ActiveCfg = Debug|Any CPU
		{3D794054-C38B-40DD-8934-DD060808A5D8}.Debug|Any CPU.Build.0 = Debug|Any CPU
		{3D794054-C38B-40DD-8934-DD060808A5D8}.Release|Any CPU.ActiveCfg = Release|Any CPU
		{3D794054-C38B-40DD-8934-DD060808A5D8}.Release|Any CPU.Build.0 = Release|Any CPU
		{D81EBD8B-B752-47BC-B13B-8FDDA30B7C22}.Debug|Any CPU.ActiveCfg = Debug|Any CPU
		{D81EBD8B-B752-47BC-B13B-8FDDA30B7C22}.Debug|Any CPU.Build.0 = Debug|Any CPU
		{D81EBD8B-B752-47BC-B13B-8FDDA30B7C22}.Release|Any CPU.ActiveCfg = Release|Any CPU
		{D81EBD8B-B752-47BC-B13B-8FDDA30B7C22}.Release|Any CPU.Build.0 = Release|Any CPU
		{FEB27AD0-6DED-42F5-B3EE-43F59EEAE92A}.Debug|Any CPU.ActiveCfg = Debug|Any CPU
		{FEB27AD0-6DED-42F5-B3EE-43F59EEAE92A}.Debug|Any CPU.Build.0 = Debug|Any CPU
		{FEB27AD0-6DED-42F5-B3EE-43F59EEAE92A}.Release|Any CPU.ActiveCfg = Release|Any CPU
		{FEB27AD0-6DED-42F5-B3EE-43F59EEAE92A}.Release|Any CPU.Build.0 = Release|Any CPU
		{4FFBA1C8-4F42-4584-B5F4-FE710A6E33A8}.Debug|Any CPU.ActiveCfg = Debug|Any CPU
		{4FFBA1C8-4F42-4584-B5F4-FE710A6E33A8}.Debug|Any CPU.Build.0 = Debug|Any CPU
		{4FFBA1C8-4F42-4584-B5F4-FE710A6E33A8}.Release|Any CPU.ActiveCfg = Release|Any CPU
		{4FFBA1C8-4F42-4584-B5F4-FE710A6E33A8}.Release|Any CPU.Build.0 = Release|Any CPU
		{362EF46F-FE8B-4D0F-97F6-AC854F98B7DB}.Debug|Any CPU.ActiveCfg = Debug|Any CPU
		{362EF46F-FE8B-4D0F-97F6-AC854F98B7DB}.Debug|Any CPU.Build.0 = Debug|Any CPU
		{362EF46F-FE8B-4D0F-97F6-AC854F98B7DB}.Release|Any CPU.ActiveCfg = Release|Any CPU
		{362EF46F-FE8B-4D0F-97F6-AC854F98B7DB}.Release|Any CPU.Build.0 = Release|Any CPU
		{7CFEECB7-09E4-4BC3-A696-2CAA3B36F0AF}.Debug|Any CPU.ActiveCfg = Debug|Any CPU
		{7CFEECB7-09E4-4BC3-A696-2CAA3B36F0AF}.Debug|Any CPU.Build.0 = Debug|Any CPU
		{7CFEECB7-09E4-4BC3-A696-2CAA3B36F0AF}.Release|Any CPU.ActiveCfg = Release|Any CPU
		{7CFEECB7-09E4-4BC3-A696-2CAA3B36F0AF}.Release|Any CPU.Build.0 = Release|Any CPU
		{2847B366-62BA-4E16-892F-69B32E0545F9}.Debug|Any CPU.ActiveCfg = Debug|Any CPU
		{2847B366-62BA-4E16-892F-69B32E0545F9}.Debug|Any CPU.Build.0 = Debug|Any CPU
		{2847B366-62BA-4E16-892F-69B32E0545F9}.Release|Any CPU.ActiveCfg = Release|Any CPU
		{2847B366-62BA-4E16-892F-69B32E0545F9}.Release|Any CPU.Build.0 = Release|Any CPU
	EndGlobalSection
	GlobalSection(SolutionProperties) = preSolution
		HideSolutionNode = FALSE
	EndGlobalSection
	GlobalSection(NestedProjects) = preSolution
		{6C3BE739-88C9-42AB-ABED-04D004CA44C3} = {2BC76B9E-E47C-407E-A5FA-D6490FAF1ADA}
		{B74042E2-1ED0-4E54-A1D4-C2EB7F4B6A15} = {6C3BE739-88C9-42AB-ABED-04D004CA44C3}
		{C5C59DBE-7790-48E8-95F0-5B9CCCB59285} = {6C3BE739-88C9-42AB-ABED-04D004CA44C3}
		{7C85309C-20EA-489B-AC82-A825022B6E08} = {6C3BE739-88C9-42AB-ABED-04D004CA44C3}
		{E6922D81-74C7-4E7C-A829-4D932AF1AE7E} = {2BC76B9E-E47C-407E-A5FA-D6490FAF1ADA}
		{50369939-93E3-467B-8B0D-033731D453E1} = {E6922D81-74C7-4E7C-A829-4D932AF1AE7E}
		{4F73EDF5-FB15-4A8F-B9C5-FEBC8D3B3A1F} = {E6922D81-74C7-4E7C-A829-4D932AF1AE7E}
		{5BD27D3E-4FD9-4C9C-B156-B134C6AE70C2} = {2BC76B9E-E47C-407E-A5FA-D6490FAF1ADA}
		{8B3C513A-C0CC-47E4-B3D1-FD0398A5D7CD} = {5BD27D3E-4FD9-4C9C-B156-B134C6AE70C2}
		{59C39272-429D-4A53-B377-DAF18DD9AD19} = {F97F7FD0-88D0-438D-A179-406A778A2A29}
		{30755036-B824-417F-BABB-6C74184C7128} = {2BC76B9E-E47C-407E-A5FA-D6490FAF1ADA}
		{40795813-34C2-4CBE-BFF4-2D2521E68E2D} = {30755036-B824-417F-BABB-6C74184C7128}
		{85AFCB9C-DFE0-4CBC-84A9-21F26F491C25} = {30755036-B824-417F-BABB-6C74184C7128}
		{D09527D3-EBB8-4FBE-B746-AA628404B39C} = {30755036-B824-417F-BABB-6C74184C7128}
		{4BF31BC5-4B57-459E-90B8-341B4F768B5B} = {F97F7FD0-88D0-438D-A179-406A778A2A29}
		{9F4C54DE-0CA4-4BDE-AD90-336319460E1C} = {4BF31BC5-4B57-459E-90B8-341B4F768B5B}
		{EA7A4D2A-2B38-4089-8F9D-39136C598135} = {4BF31BC5-4B57-459E-90B8-341B4F768B5B}
	EndGlobalSection
	GlobalSection(ExtensibilityGlobals) = postSolution
		SolutionGuid = {2A37D076-8F95-4E76-81AF-6B7358F0D814}
	EndGlobalSection
EndGlobal
